
Microsoft Visual Studio Solution File, Format Version 12.00
# Visual Studio 15
VisualStudioVersion = 15.0.28307.168
MinimumVisualStudioVersion = 10.0.40219.1
Project("{FAE04EC0-301F-11D3-BF4B-00C04F79EFBC}") = "WindowsFormsApp1", "WindowsFormsApp1\WindowsFormsApp1.csproj", "{81B30D45-4901-4514-84CF-442293BFCC57}"
EndProject
Global
	GlobalSection(SolutionConfigurationPlatforms) = preSolution
		Debug|Any CPU = Debug|Any CPU
		Release|Any CPU = Release|Any CPU
	EndGlobalSection
	GlobalSection(ProjectConfigurationPlatforms) = postSolution
		{81B30D45-4901-4514-84CF-442293BFCC57}.Debug|Any CPU.ActiveCfg = Debug|Any CPU
		{81B30D45-4901-4514-84CF-442293BFCC57}.Debug|Any CPU.Build.0 = Debug|Any CPU
		{81B30D45-4901-4514-84CF-442293BFCC57}.Release|Any CPU.ActiveCfg = Release|Any CPU
		{81B30D45-4901-4514-84CF-442293BFCC57}.Release|Any CPU.Build.0 = Release|Any CPU
	EndGlobalSection
	GlobalSection(SolutionProperties) = preSolution
		HideSolutionNode = FALSE
	EndGlobalSection
	GlobalSection(ExtensibilityGlobals) = postSolution
		SolutionGuid = {2186467C-8FF9-4F96-B7E6-0BC80564ACB4}
	EndGlobalSection
EndGlobal
